
Microsoft Visual Studio Solution File, Format Version 12.00
# Visual Studio Version 17
VisualStudioVersion = 17.7.34202.233
MinimumVisualStudioVersion = 10.0.40219.1
Project("{9A19103F-16F7-4668-BE54-9A1E7A4F7556}") = "BlogApi", "BlogApi\BlogApi.csproj", "{F73B6E89-855D-4A06-AA7B-A5C8DA00DAA4}"
EndProject
Project("{9A19103F-16F7-4668-BE54-9A1E7A4F7556}") = "BusinessObject", "BusinessObject\BusinessObject.csproj", "{5C30E8ED-6FCB-4913-A439-69EDFFCD4D70}"
EndProject
Project("{9A19103F-16F7-4668-BE54-9A1E7A4F7556}") = "DataAccessObject", "DataAccessObject\DataAccessObject.csproj", "{D886BA4A-C5B6-47EB-BB37-461CA7C5B5AF}"
EndProject
Project("{9A19103F-16F7-4668-BE54-9A1E7A4F7556}") = "Repository", "Repository\Repository.csproj", "{59753F92-772D-49D2-8104-496A340E6C76}"
EndProject
Project("{9A19103F-16F7-4668-BE54-9A1E7A4F7556}") = "Service", "Service\Service.csproj", "{79163D4D-BABC-497D-A311-7DE7AE1EC4F6}"
EndProject
Project("{FAE04EC0-301F-11D3-BF4B-00C04F79EFBC}") = "WebAppClient", "WebAppClient\WebAppClient.csproj", "{A4A1425A-50C6-4B92-99CE-1537F0D0AE34}"
EndProject
Global
	GlobalSection(SolutionConfigurationPlatforms) = preSolution
		Debug|Any CPU = Debug|Any CPU
		Release|Any CPU = Release|Any CPU
	EndGlobalSection
	GlobalSection(ProjectConfigurationPlatforms) = postSolution
		{F73B6E89-855D-4A06-AA7B-A5C8DA00DAA4}.Debug|Any CPU.ActiveCfg = Debug|Any CPU
		{F73B6E89-855D-4A06-AA7B-A5C8DA00DAA4}.Debug|Any CPU.Build.0 = Debug|Any CPU
		{F73B6E89-855D-4A06-AA7B-A5C8DA00DAA4}.Release|Any CPU.ActiveCfg = Release|Any CPU
		{F73B6E89-855D-4A06-AA7B-A5C8DA00DAA4}.Release|Any CPU.Build.0 = Release|Any CPU
		{5C30E8ED-6FCB-4913-A439-69EDFFCD4D70}.Debug|Any CPU.ActiveCfg = Debug|Any CPU
		{5C30E8ED-6FCB-4913-A439-69EDFFCD4D70}.Debug|Any CPU.Build.0 = Debug|Any CPU
		{5C30E8ED-6FCB-4913-A439-69EDFFCD4D70}.Release|Any CPU.ActiveCfg = Release|Any CPU
		{5C30E8ED-6FCB-4913-A439-69EDFFCD4D70}.Release|Any CPU.Build.0 = Release|Any CPU
		{D886BA4A-C5B6-47EB-BB37-461CA7C5B5AF}.Debug|Any CPU.ActiveCfg = Debug|Any CPU
		{D886BA4A-C5B6-47EB-BB37-461CA7C5B5AF}.Debug|Any CPU.Build.0 = Debug|Any CPU
		{D886BA4A-C5B6-47EB-BB37-461CA7C5B5AF}.Release|Any CPU.ActiveCfg = Release|Any CPU
		{D886BA4A-C5B6-47EB-BB37-461CA7C5B5AF}.Release|Any CPU.Build.0 = Release|Any CPU
		{59753F92-772D-49D2-8104-496A340E6C76}.Debug|Any CPU.ActiveCfg = Debug|Any CPU
		{59753F92-772D-49D2-8104-496A340E6C76}.Debug|Any CPU.Build.0 = Debug|Any CPU
		{59753F92-772D-49D2-8104-496A340E6C76}.Release|Any CPU.ActiveCfg = Release|Any CPU
		{59753F92-772D-49D2-8104-496A340E6C76}.Release|Any CPU.Build.0 = Release|Any CPU
		{79163D4D-BABC-497D-A311-7DE7AE1EC4F6}.Debug|Any CPU.ActiveCfg = Debug|Any CPU
		{79163D4D-BABC-497D-A311-7DE7AE1EC4F6}.Debug|Any CPU.Build.0 = Debug|Any CPU
		{79163D4D-BABC-497D-A311-7DE7AE1EC4F6}.Release|Any CPU.ActiveCfg = Release|Any CPU
		{79163D4D-BABC-497D-A311-7DE7AE1EC4F6}.Release|Any CPU.Build.0 = Release|Any CPU
		{A4A1425A-50C6-4B92-99CE-1537F0D0AE34}.Debug|Any CPU.ActiveCfg = Debug|Any CPU
		{A4A1425A-50C6-4B92-99CE-1537F0D0AE34}.Debug|Any CPU.Build.0 = Debug|Any CPU
		{A4A1425A-50C6-4B92-99CE-1537F0D0AE34}.Release|Any CPU.ActiveCfg = Release|Any CPU
		{A4A1425A-50C6-4B92-99CE-1537F0D0AE34}.Release|Any CPU.Build.0 = Release|Any CPU
	EndGlobalSection
	GlobalSection(SolutionProperties) = preSolution
		HideSolutionNode = FALSE
	EndGlobalSection
	GlobalSection(ExtensibilityGlobals) = postSolution
		SolutionGuid = {6DE63045-3492-4FB7-8A18-EECBCFBE7916}
	EndGlobalSection
EndGlobal
